
Microsoft Visual Studio Solution File, Format Version 12.00
Project("{FAE04EC0-301F-11D3-BF4B-00C04F79EFBC}") = "ManageStudent", "ManageStudent\ManageStudent.csproj", "{787972C6-0473-4936-997C-D3C36CC1F0AE}"
EndProject
Global
	GlobalSection(SolutionConfigurationPlatforms) = preSolution
		Debug|Any CPU = Debug|Any CPU
		Release|Any CPU = Release|Any CPU
	EndGlobalSection
	GlobalSection(ProjectConfigurationPlatforms) = postSolution
		{787972C6-0473-4936-997C-D3C36CC1F0AE}.Debug|Any CPU.ActiveCfg = Debug|Any CPU
		{787972C6-0473-4936-997C-D3C36CC1F0AE}.Debug|Any CPU.Build.0 = Debug|Any CPU
		{787972C6-0473-4936-997C-D3C36CC1F0AE}.Release|Any CPU.ActiveCfg = Release|Any CPU
		{787972C6-0473-4936-997C-D3C36CC1F0AE}.Release|Any CPU.Build.0 = Release|Any CPU
	EndGlobalSection
EndGlobal
